lockfileVersion: '9.0'

settings:
  autoInstallPeers: true
  excludeLinksFromLockfile: false

importers:

  .:
    dependencies:
      openai:
        specifier: ^6.47.0
        version: 6.47.0
    devDependencies:
      '@types/node':
        specifier: ^26.1.0
        version: 26.1.0

packages:

  '@types/node@26.1.0':
    resolution: {integrity: sha512-O0A1G3xPGy4w7AgQdAQYUlQ+BKk2Oovw8eRpofyp5KdBZULnbe+WqaOVNrm705SHphCiG4XHsACrSmPu1f+Kgw==}

  openai@6.47.0:
    resolution: {integrity: sha512-xYr+R9woSzWxVxeiqkkNbHhv89tZDEI6eBMbrdPnv3poh+mijHvbhS35a+3o6xHa411/ns8j5ENY3So9DCXWYw==}
    peerDependencies:
      '@aws-sdk/credential-provider-node': '>=3.972.0 <4'
      '@smithy/hash-node': '>=4.3.0 <5'
      '@smithy/signature-v4': '>=5.4.0 <6'
      ws: ^8.18.0
      zod: ^3.25 || ^4.0
    peerDependenciesMeta:
      '@aws-sdk/credential-provider-node':
        optional: true
      '@smithy/hash-node':
        optional: true
      '@smithy/signature-v4':
        optional: true
      ws:
        optional: true
      zod:
        optional: true

  undici-types@8.3.0:
    resolution: {integrity: sha512-j375ScV60dom+YkPFIfTLcOiPxkN/buHz5GobjLhixFuANaNs3C9l4GmrWqejgXWJ7BbJcFYpTEUkS1Ge8bpZQ==}

snapshots:

  '@types/node@26.1.0':
    dependencies:
      undici-types: 8.3.0

  openai@6.47.0: {}

  undici-types@8.3.0: {}
